
Microsoft Visual Studio Solution File, Format Version 12.00
# Visual Studio 15
VisualStudioVersion = 15.0.27004.2005
MinimumVisualStudioVersion = 10.0.40219.1
Project("{8BC9CEB8-8B4A-11D0-8D11-00A0C91BC942}") = "lab1_2", "lab1_2\lab1_2.vcxproj", "{FAABCDC4-5E01-4C8A-8529-A0508CE60252}"
EndProject
Global
	GlobalSection(SolutionConfigurationPlatforms) = preSolution
		Debug|x64 = Debug|x64
		Debug|x86 = Debug|x86
		Release|x64 = Release|x64
		Release|x86 = Release|x86
	EndGlobalSection
	GlobalSection(ProjectConfigurationPlatforms) = postSolution
		{FAABCDC4-5E01-4C8A-8529-A0508CE60252}.Debug|x64.ActiveCfg = Debug|x64
		{FAABCDC4-5E01-4C8A-8529-A0508CE60252}.Debug|x64.Build.0 = Debug|x64
		{FAABCDC4-5E01-4C8A-8529-A0508CE60252}.Debug|x86.ActiveCfg = Debug|Win32
		{FAABCDC4-5E01-4C8A-8529-A0508CE60252}.Debug|x86.Build.0 = Debug|Win32
		{FAABCDC4-5E01-4C8A-8529-A0508CE60252}.Release|x64.ActiveCfg = Release|x64
		{FAABCDC4-5E01-4C8A-8529-A0508CE60252}.Release|x64.Build.0 = Release|x64
		{FAABCDC4-5E01-4C8A-8529-A0508CE60252}.Release|x86.ActiveCfg = Release|Win32
		{FAABCDC4-5E01-4C8A-8529-A0508CE60252}.Release|x86.Build.0 = Release|Win32
	EndGlobalSection
	GlobalSection(SolutionProperties) = preSolution
		HideSolutionNode = FALSE
	EndGlobalSection
	GlobalSection(ExtensibilityGlobals) = postSolution
		SolutionGuid = {99316281-58A7-4BCD-B5AB-A6A1733094A7}
	EndGlobalSection
EndGlobal
